
Microsoft Visual Studio Solution File, Format Version 12.00
# Visual Studio Version 17
VisualStudioVersion = 17.8.34330.188
MinimumVisualStudioVersion = 10.0.40219.1
Project("{9A19103F-16F7-4668-BE54-9A1E7A4F7556}") = "ElectronicBoard", "ElectronicBoard\ElectronicBoard.csproj", "{5CA85C3B-2605-4DC7-A329-D68A780A6E60}"
EndProject
Project("{FAE04EC0-301F-11D3-BF4B-00C04F79EFBC}") = "TestProject", "TestProject\TestProject.csproj", "{538F8F09-AC1F-4276-8EE3-3CF21D2C732A}"
EndProject
Global
	GlobalSection(SolutionConfigurationPlatforms) = preSolution
		Debug|Any CPU = Debug|Any CPU
		Release|Any CPU = Release|Any CPU
	EndGlobalSection
	GlobalSection(ProjectConfigurationPlatforms) = postSolution
		{5CA85C3B-2605-4DC7-A329-D68A780A6E60}.Debug|Any CPU.ActiveCfg = Debug|Any CPU
		{5CA85C3B-2605-4DC7-A329-D68A780A6E60}.Debug|Any CPU.Build.0 = Debug|Any CPU
		{5CA85C3B-2605-4DC7-A329-D68A780A6E60}.Release|Any CPU.ActiveCfg = Release|Any CPU
		{5CA85C3B-2605-4DC7-A329-D68A780A6E60}.Release|Any CPU.Build.0 = Release|Any CPU
		{538F8F09-AC1F-4276-8EE3-3CF21D2C732A}.Debug|Any CPU.ActiveCfg = Debug|Any CPU
		{538F8F09-AC1F-4276-8EE3-3CF21D2C732A}.Debug|Any CPU.Build.0 = Debug|Any CPU
		{538F8F09-AC1F-4276-8EE3-3CF21D2C732A}.Release|Any CPU.ActiveCfg = Release|Any CPU
		{538F8F09-AC1F-4276-8EE3-3CF21D2C732A}.Release|Any CPU.Build.0 = Release|Any CPU
	EndGlobalSection
	GlobalSection(SolutionProperties) = preSolution
		HideSolutionNode = FALSE
	EndGlobalSection
	GlobalSection(ExtensibilityGlobals) = postSolution
		SolutionGuid = {938E3386-3E6C-4969-9563-216FBE6F53B0}
	EndGlobalSection
EndGlobal
